
Microsoft Visual Studio Solution File, Format Version 12.00
# Visual Studio Version 17
VisualStudioVersion = 17.1.32328.378
MinimumVisualStudioVersion = 10.0.40219.1
Project("{9A19103F-16F7-4668-BE54-9A1E7A4F7556}") = "odev", "odev\odev.csproj", "{AC578164-6536-4832-B9FC-D8EF6D23F631}"
EndProject
Project("{9A19103F-16F7-4668-BE54-9A1E7A4F7556}") = "Odev1", "Odev1\Odev1.csproj", "{FE3C2071-D724-4861-AAE2-FB8A804A2F96}"
EndProject
Project("{9A19103F-16F7-4668-BE54-9A1E7A4F7556}") = "Arrays", "Arrays\Arrays.csproj", "{3BB270B7-265B-4475-A811-6C525CD7AF06}"
EndProject
Project("{9A19103F-16F7-4668-BE54-9A1E7A4F7556}") = "ClassMethodDemo", "ClassMethodDemo\ClassMethodDemo.csproj", "{57CD8C81-9973-477E-8160-D102E64914C5}"
EndProject
Project("{9A19103F-16F7-4668-BE54-9A1E7A4F7556}") = "ReferenceTypes", "ReferenceTypes\ReferenceTypes.csproj", "{ACD8E63F-6638-428E-B9FB-F3338795C491}"
EndProject
Project("{FAE04EC0-301F-11D3-BF4B-00C04F79EFBC}") = "Constructors", "Constructors\Constructors.csproj", "{0E983E71-D118-4989-B91E-A27E96B41226}"
EndProject
Project("{FAE04EC0-301F-11D3-BF4B-00C04F79EFBC}") = "Generics", "Generics\Generics.csproj", "{DD3A1650-60E4-42AE-95B0-5659C1CF0586}"
EndProject
Project("{FAE04EC0-301F-11D3-BF4B-00C04F79EFBC}") = "Dictionary", "Dictionary\Dictionary.csproj", "{48EB403E-257B-4253-AFB6-AEBEC1B70F0E}"
EndProject
Global
	GlobalSection(SolutionConfigurationPlatforms) = preSolution
		Debug|Any CPU = Debug|Any CPU
		Release|Any CPU = Release|Any CPU
	EndGlobalSection
	GlobalSection(ProjectConfigurationPlatforms) = postSolution
		{AC578164-6536-4832-B9FC-D8EF6D23F631}.Debug|Any CPU.ActiveCfg = Debug|Any CPU
		{AC578164-6536-4832-B9FC-D8EF6D23F631}.Debug|Any CPU.Build.0 = Debug|Any CPU
		{AC578164-6536-4832-B9FC-D8EF6D23F631}.Release|Any CPU.ActiveCfg = Release|Any CPU
		{AC578164-6536-4832-B9FC-D8EF6D23F631}.Release|Any CPU.Build.0 = Release|Any CPU
		{FE3C2071-D724-4861-AAE2-FB8A804A2F96}.Debug|Any CPU.ActiveCfg = Debug|Any CPU
		{FE3C2071-D724-4861-AAE2-FB8A804A2F96}.Debug|Any CPU.Build.0 = Debug|Any CPU
		{FE3C2071-D724-4861-AAE2-FB8A804A2F96}.Release|Any CPU.ActiveCfg = Release|Any CPU
		{FE3C2071-D724-4861-AAE2-FB8A804A2F96}.Release|Any CPU.Build.0 = Release|Any CPU
		{3BB270B7-265B-4475-A811-6C525CD7AF06}.Debug|Any CPU.ActiveCfg = Debug|Any CPU
		{3BB270B7-265B-4475-A811-6C525CD7AF06}.Debug|Any CPU.Build.0 = Debug|Any CPU
		{3BB270B7-265B-4475-A811-6C525CD7AF06}.Release|Any CPU.ActiveCfg = Release|Any CPU
		{3BB270B7-265B-4475-A811-6C525CD7AF06}.Release|Any CPU.Build.0 = Release|Any CPU
		{57CD8C81-9973-477E-8160-D102E64914C5}.Debug|Any CPU.ActiveCfg = Debug|Any CPU
		{57CD8C81-9973-477E-8160-D102E64914C5}.Debug|Any CPU.Build.0 = Debug|Any CPU
		{57CD8C81-9973-477E-8160-D102E64914C5}.Release|Any CPU.ActiveCfg = Release|Any CPU
		{57CD8C81-9973-477E-8160-D102E64914C5}.Release|Any CPU.Build.0 = Release|Any CPU
		{ACD8E63F-6638-428E-B9FB-F3338795C491}.Debug|Any CPU.ActiveCfg = Debug|Any CPU
		{ACD8E63F-6638-428E-B9FB-F3338795C491}.Debug|Any CPU.Build.0 = Debug|Any CPU
		{ACD8E63F-6638-428E-B9FB-F3338795C491}.Release|Any CPU.ActiveCfg = Release|Any CPU
		{ACD8E63F-6638-428E-B9FB-F3338795C491}.Release|Any CPU.Build.0 = Release|Any CPU
		{0E983E71-D118-4989-B91E-A27E96B41226}.Debug|Any CPU.ActiveCfg = Debug|Any CPU
		{0E983E71-D118-4989-B91E-A27E96B41226}.Debug|Any CPU.Build.0 = Debug|Any CPU
		{0E983E71-D118-4989-B91E-A27E96B41226}.Release|Any CPU.ActiveCfg = Release|Any CPU
		{0E983E71-D118-4989-B91E-A27E96B41226}.Release|Any CPU.Build.0 = Release|Any CPU
		{DD3A1650-60E4-42AE-95B0-5659C1CF0586}.Debug|Any CPU.ActiveCfg = Debug|Any CPU
		{DD3A1650-60E4-42AE-95B0-5659C1CF0586}.Debug|Any CPU.Build.0 = Debug|Any CPU
		{DD3A1650-60E4-42AE-95B0-5659C1CF0586}.Release|Any CPU.ActiveCfg = Release|Any CPU
		{DD3A1650-60E4-42AE-95B0-5659C1CF0586}.Release|Any CPU.Build.0 = Release|Any CPU
		{48EB403E-257B-4253-AFB6-AEBEC1B70F0E}.Debug|Any CPU.ActiveCfg = Debug|Any CPU
		{48EB403E-257B-4253-AFB6-AEBEC1B70F0E}.Debug|Any CPU.Build.0 = Debug|Any CPU
		{48EB403E-257B-4253-AFB6-AEBEC1B70F0E}.Release|Any CPU.ActiveCfg = Release|Any CPU
		{48EB403E-257B-4253-AFB6-AEBEC1B70F0E}.Release|Any CPU.Build.0 = Release|Any CPU
	EndGlobalSection
	GlobalSection(SolutionProperties) = preSolution
		HideSolutionNode = FALSE
	EndGlobalSection
	GlobalSection(ExtensibilityGlobals) = postSolution
		SolutionGuid = {09C0F03F-EBCE-4CD1-9A86-10DE6E749AC0}
	EndGlobalSection
EndGlobal
