
Microsoft Visual Studio Solution File, Format Version 12.00
# Visual Studio Version 17
VisualStudioVersion = 17.1.32328.378
MinimumVisualStudioVersion = 10.0.40219.1
Project("{9A19103F-16F7-4668-BE54-9A1E7A4F7556}") = "odev", "odev\odev.csproj", "{AC578164-6536-4832-B9FC-D8EF6D23F631}"
EndProject
Project("{9A19103F-16F7-4668-BE54-9A1E7A4F7556}") = "Odev1", "Odev1\Odev1.csproj", "{FE3C2071-D724-4861-AAE2-FB8A804A2F96}"
EndProject
Project("{9A19103F-16F7-4668-BE54-9A1E7A4F7556}") = "Arrays", "Arrays\Arrays.csproj", "{3BB270B7-265B-4475-A811-6C525CD7AF06}"
EndProject
Project("{9A19103F-16F7-4668-BE54-9A1E7A4F7556}") = "ClassMethodDemo", "ClassMethodDemo\ClassMethodDemo.csproj", "{57CD8C81-9973-477E-8160-D102E64914C5}"
EndProject
Project("{9A19103F-16F7-4668-BE54-9A1E7A4F7556}") = "ReferenceTypes", "ReferenceTypes\ReferenceTypes.csproj", "{ACD8E63F-6638-428E-B9FB-F3338795C491}"
EndProject
Project("{9A19103F-16F7-4668-BE54-9A1E7A4F7556}") = "Constructors", "Constructors\Constructors.csproj", "{0E983E71-D118-4989-B91E-A27E96B41226}"
EndProject
Project("{9A19103F-16F7-4668-BE54-9A1E7A4F7556}") = "Generics", "Generics\Generics.csproj", "{DD3A1650-60E4-42AE-95B0-5659C1CF0586}"
EndProject
Project("{9A19103F-16F7-4668-BE54-9A1E7A4F7556}") = "Dictionary", "Dictionary\Dictionary.csproj", "{48EB403E-257B-4253-AFB6-AEBEC1B70F0E}"
EndProject
Project("{9A19103F-16F7-4668-BE54-9A1E7A4F7556}") = "MyDictionary", "MyDictionary\MyDictionary.csproj", "{D0DDA9BF-AF96-455B-8B97-75AE9BA41525}"
EndProject
Project("{9A19103F-16F7-4668-BE54-9A1E7A4F7556}") = "Encapsulation", "Encapsulation\Encapsulation.csproj", "{3BD49C6E-0F2E-4189-BC78-DC357A0A1BCE}"
EndProject
Project("{FAE04EC0-301F-11D3-BF4B-00C04F79EFBC}") = "RecapDemo", "RecapDemo\RecapDemo.csproj", "{02C12FCB-240C-4F29-9962-740813757968}"
EndProject
Project("{FAE04EC0-301F-11D3-BF4B-00C04F79EFBC}") = "Interface", "Interface\Interface.csproj", "{ACF270D7-AB84-4188-B1A2-5CB9091760C3}"
EndProject
Project("{FAE04EC0-301F-11D3-BF4B-00C04F79EFBC}") = "InterfacesDemo", "InterfacesDemo\InterfacesDemo.csproj", "{C532208C-A6D0-4A6D-8E3A-6835760631FA}"
EndProject
Project("{FAE04EC0-301F-11D3-BF4B-00C04F79EFBC}") = "Inheritance", "Inheritance\Inheritance.csproj", "{577C3DEF-AF35-4B97-94E4-457EA88AB92F}"
EndProject
Project("{9A19103F-16F7-4668-BE54-9A1E7A4F7556}") = "Interfaces2", "Interfaces2\Interfaces2.csproj", "{4B497909-F2E6-4E61-AA49-C811AD80C783}"
EndProject
Project("{9A19103F-16F7-4668-BE54-9A1E7A4F7556}") = "AbscractClasses", "AbscractClasses\AbscractClasses.csproj", "{61E44CA8-C1D3-4BD4-9753-E847E6A0EF9E}"
EndProject
Project("{9A19103F-16F7-4668-BE54-9A1E7A4F7556}") = "InterfaceAbstractDemo", "InterfaceAbstractDemo\InterfaceAbstractDemo.csproj", "{751E29B7-A206-406B-B591-3F2EB547B5D5}"
EndProject
Project("{9A19103F-16F7-4668-BE54-9A1E7A4F7556}") = "GameDemo", "GameDemo\GameDemo.csproj", "{25C9C8D8-AB5C-4C85-B60B-71A43989E555}"
EndProject
Project("{9A19103F-16F7-4668-BE54-9A1E7A4F7556}") = "GameDemoV2", "GameDemoV2\GameDemoV2.csproj", "{7173D35A-70EE-40CE-95A5-942ADD966F3B}"
EndProject
Project("{FAE04EC0-301F-11D3-BF4B-00C04F79EFBC}") = "LinqProject", "LinqProject\LinqProject.csproj", "{5E361327-F0A8-4D89-B44F-82742A5128A5}"
EndProject
Global
	GlobalSection(SolutionConfigurationPlatforms) = preSolution
		Debug|Any CPU = Debug|Any CPU
		Release|Any CPU = Release|Any CPU
	EndGlobalSection
	GlobalSection(ProjectConfigurationPlatforms) = postSolution
		{AC578164-6536-4832-B9FC-D8EF6D23F631}.Debug|Any CPU.ActiveCfg = Debug|Any CPU
		{AC578164-6536-4832-B9FC-D8EF6D23F631}.Debug|Any CPU.Build.0 = Debug|Any CPU
		{AC578164-6536-4832-B9FC-D8EF6D23F631}.Release|Any CPU.ActiveCfg = Release|Any CPU
		{AC578164-6536-4832-B9FC-D8EF6D23F631}.Release|Any CPU.Build.0 = Release|Any CPU
		{FE3C2071-D724-4861-AAE2-FB8A804A2F96}.Debug|Any CPU.ActiveCfg = Debug|Any CPU
		{FE3C2071-D724-4861-AAE2-FB8A804A2F96}.Debug|Any CPU.Build.0 = Debug|Any CPU
		{FE3C2071-D724-4861-AAE2-FB8A804A2F96}.Release|Any CPU.ActiveCfg = Release|Any CPU
		{FE3C2071-D724-4861-AAE2-FB8A804A2F96}.Release|Any CPU.Build.0 = Release|Any CPU
		{3BB270B7-265B-4475-A811-6C525CD7AF06}.Debug|Any CPU.ActiveCfg = Debug|Any CPU
		{3BB270B7-265B-4475-A811-6C525CD7AF06}.Debug|Any CPU.Build.0 = Debug|Any CPU
		{3BB270B7-265B-4475-A811-6C525CD7AF06}.Release|Any CPU.ActiveCfg = Release|Any CPU
		{3BB270B7-265B-4475-A811-6C525CD7AF06}.Release|Any CPU.Build.0 = Release|Any CPU
		{57CD8C81-9973-477E-8160-D102E64914C5}.Debug|Any CPU.ActiveCfg = Debug|Any CPU
		{57CD8C81-9973-477E-8160-D102E64914C5}.Debug|Any CPU.Build.0 = Debug|Any CPU
		{57CD8C81-9973-477E-8160-D102E64914C5}.Release|Any CPU.ActiveCfg = Release|Any CPU
		{57CD8C81-9973-477E-8160-D102E64914C5}.Release|Any CPU.Build.0 = Release|Any CPU
		{ACD8E63F-6638-428E-B9FB-F3338795C491}.Debug|Any CPU.ActiveCfg = Debug|Any CPU
		{ACD8E63F-6638-428E-B9FB-F3338795C491}.Debug|Any CPU.Build.0 = Debug|Any CPU
		{ACD8E63F-6638-428E-B9FB-F3338795C491}.Release|Any CPU.ActiveCfg = Release|Any CPU
		{ACD8E63F-6638-428E-B9FB-F3338795C491}.Release|Any CPU.Build.0 = Release|Any CPU
		{0E983E71-D118-4989-B91E-A27E96B41226}.Debug|Any CPU.ActiveCfg = Debug|Any CPU
		{0E983E71-D118-4989-B91E-A27E96B41226}.Debug|Any CPU.Build.0 = Debug|Any CPU
		{0E983E71-D118-4989-B91E-A27E96B41226}.Release|Any CPU.ActiveCfg = Release|Any CPU
		{0E983E71-D118-4989-B91E-A27E96B41226}.Release|Any CPU.Build.0 = Release|Any CPU
		{DD3A1650-60E4-42AE-95B0-5659C1CF0586}.Debug|Any CPU.ActiveCfg = Debug|Any CPU
		{DD3A1650-60E4-42AE-95B0-5659C1CF0586}.Debug|Any CPU.Build.0 = Debug|Any CPU
		{DD3A1650-60E4-42AE-95B0-5659C1CF0586}.Release|Any CPU.ActiveCfg = Release|Any CPU
		{DD3A1650-60E4-42AE-95B0-5659C1CF0586}.Release|Any CPU.Build.0 = Release|Any CPU
		{48EB403E-257B-4253-AFB6-AEBEC1B70F0E}.Debug|Any CPU.ActiveCfg = Debug|Any CPU
		{48EB403E-257B-4253-AFB6-AEBEC1B70F0E}.Debug|Any CPU.Build.0 = Debug|Any CPU
		{48EB403E-257B-4253-AFB6-AEBEC1B70F0E}.Release|Any CPU.ActiveCfg = Release|Any CPU
		{48EB403E-257B-4253-AFB6-AEBEC1B70F0E}.Release|Any CPU.Build.0 = Release|Any CPU
		{D0DDA9BF-AF96-455B-8B97-75AE9BA41525}.Debug|Any CPU.ActiveCfg = Debug|Any CPU
		{D0DDA9BF-AF96-455B-8B97-75AE9BA41525}.Debug|Any CPU.Build.0 = Debug|Any CPU
		{D0DDA9BF-AF96-455B-8B97-75AE9BA41525}.Release|Any CPU.ActiveCfg = Release|Any CPU
		{D0DDA9BF-AF96-455B-8B97-75AE9BA41525}.Release|Any CPU.Build.0 = Release|Any CPU
		{3BD49C6E-0F2E-4189-BC78-DC357A0A1BCE}.Debug|Any CPU.ActiveCfg = Debug|Any CPU
		{3BD49C6E-0F2E-4189-BC78-DC357A0A1BCE}.Debug|Any CPU.Build.0 = Debug|Any CPU
		{3BD49C6E-0F2E-4189-BC78-DC357A0A1BCE}.Release|Any CPU.ActiveCfg = Release|Any CPU
		{3BD49C6E-0F2E-4189-BC78-DC357A0A1BCE}.Release|Any CPU.Build.0 = Release|Any CPU
		{02C12FCB-240C-4F29-9962-740813757968}.Debug|Any CPU.ActiveCfg = Debug|Any CPU
		{02C12FCB-240C-4F29-9962-740813757968}.Debug|Any CPU.Build.0 = Debug|Any CPU
		{02C12FCB-240C-4F29-9962-740813757968}.Release|Any CPU.ActiveCfg = Release|Any CPU
		{02C12FCB-240C-4F29-9962-740813757968}.Release|Any CPU.Build.0 = Release|Any CPU
		{ACF270D7-AB84-4188-B1A2-5CB9091760C3}.Debug|Any CPU.ActiveCfg = Debug|Any CPU
		{ACF270D7-AB84-4188-B1A2-5CB9091760C3}.Debug|Any CPU.Build.0 = Debug|Any CPU
		{ACF270D7-AB84-4188-B1A2-5CB9091760C3}.Release|Any CPU.ActiveCfg = Release|Any CPU
		{ACF270D7-AB84-4188-B1A2-5CB9091760C3}.Release|Any CPU.Build.0 = Release|Any CPU
		{C532208C-A6D0-4A6D-8E3A-6835760631FA}.Debug|Any CPU.ActiveCfg = Debug|Any CPU
		{C532208C-A6D0-4A6D-8E3A-6835760631FA}.Debug|Any CPU.Build.0 = Debug|Any CPU
		{C532208C-A6D0-4A6D-8E3A-6835760631FA}.Release|Any CPU.ActiveCfg = Release|Any CPU
		{C532208C-A6D0-4A6D-8E3A-6835760631FA}.Release|Any CPU.Build.0 = Release|Any CPU
		{577C3DEF-AF35-4B97-94E4-457EA88AB92F}.Debug|Any CPU.ActiveCfg = Debug|Any CPU
		{577C3DEF-AF35-4B97-94E4-457EA88AB92F}.Debug|Any CPU.Build.0 = Debug|Any CPU
		{577C3DEF-AF35-4B97-94E4-457EA88AB92F}.Release|Any CPU.ActiveCfg = Release|Any CPU
		{577C3DEF-AF35-4B97-94E4-457EA88AB92F}.Release|Any CPU.Build.0 = Release|Any CPU
		{4B497909-F2E6-4E61-AA49-C811AD80C783}.Debug|Any CPU.ActiveCfg = Debug|Any CPU
		{4B497909-F2E6-4E61-AA49-C811AD80C783}.Debug|Any CPU.Build.0 = Debug|Any CPU
		{4B497909-F2E6-4E61-AA49-C811AD80C783}.Release|Any CPU.ActiveCfg = Release|Any CPU
		{4B497909-F2E6-4E61-AA49-C811AD80C783}.Release|Any CPU.Build.0 = Release|Any CPU
		{61E44CA8-C1D3-4BD4-9753-E847E6A0EF9E}.Debug|Any CPU.ActiveCfg = Debug|Any CPU
		{61E44CA8-C1D3-4BD4-9753-E847E6A0EF9E}.Debug|Any CPU.Build.0 = Debug|Any CPU
		{61E44CA8-C1D3-4BD4-9753-E847E6A0EF9E}.Release|Any CPU.ActiveCfg = Release|Any CPU
		{61E44CA8-C1D3-4BD4-9753-E847E6A0EF9E}.Release|Any CPU.Build.0 = Release|Any CPU
		{751E29B7-A206-406B-B591-3F2EB547B5D5}.Debug|Any CPU.ActiveCfg = Debug|Any CPU
		{751E29B7-A206-406B-B591-3F2EB547B5D5}.Debug|Any CPU.Build.0 = Debug|Any CPU
		{751E29B7-A206-406B-B591-3F2EB547B5D5}.Release|Any CPU.ActiveCfg = Release|Any CPU
		{751E29B7-A206-406B-B591-3F2EB547B5D5}.Release|Any CPU.Build.0 = Release|Any CPU
		{25C9C8D8-AB5C-4C85-B60B-71A43989E555}.Debug|Any CPU.ActiveCfg = Debug|Any CPU
		{25C9C8D8-AB5C-4C85-B60B-71A43989E555}.Debug|Any CPU.Build.0 = Debug|Any CPU
		{25C9C8D8-AB5C-4C85-B60B-71A43989E555}.Release|Any CPU.ActiveCfg = Release|Any CPU
		{25C9C8D8-AB5C-4C85-B60B-71A43989E555}.Release|Any CPU.Build.0 = Release|Any CPU
		{7173D35A-70EE-40CE-95A5-942ADD966F3B}.Debug|Any CPU.ActiveCfg = Debug|Any CPU
		{7173D35A-70EE-40CE-95A5-942ADD966F3B}.Debug|Any CPU.Build.0 = Debug|Any CPU
		{7173D35A-70EE-40CE-95A5-942ADD966F3B}.Release|Any CPU.ActiveCfg = Release|Any CPU
		{7173D35A-70EE-40CE-95A5-942ADD966F3B}.Release|Any CPU.Build.0 = Release|Any CPU
		{5E361327-F0A8-4D89-B44F-82742A5128A5}.Debug|Any CPU.ActiveCfg = Debug|Any CPU
		{5E361327-F0A8-4D89-B44F-82742A5128A5}.Debug|Any CPU.Build.0 = Debug|Any CPU
		{5E361327-F0A8-4D89-B44F-82742A5128A5}.Release|Any CPU.ActiveCfg = Release|Any CPU
		{5E361327-F0A8-4D89-B44F-82742A5128A5}.Release|Any CPU.Build.0 = Release|Any CPU
	EndGlobalSection
	GlobalSection(SolutionProperties) = preSolution
		HideSolutionNode = FALSE
	EndGlobalSection
	GlobalSection(ExtensibilityGlobals) = postSolution
		SolutionGuid = {09C0F03F-EBCE-4CD1-9A86-10DE6E749AC0}
	EndGlobalSection
EndGlobal
